// !$*UTF8*$!
{
	archiveVersion = 1;
	classes = {
	};
	objectVersion = 48;
	objects = {

/* Begin PBXBuildFile section */
		656312481FA1115C0086BE17 /* List.cpp in Sources */ = {isa = PBXBuildFile; fileRef = 6563123D1FA111580086BE17 /* List.cpp */; };
		656312501FA11CB10086BE17 /* StackL.cpp in Sources */ = {isa = PBXBuildFile; fileRef = 6563123F1FA111590086BE17 /* StackL.cpp */; };
		656312521FA121AD0086BE17 /* StackLclient.cpp in Sources */ = {isa = PBXBuildFile; fileRef = 656312441FA1115B0086BE17 /* StackLclient.cpp */; };
/* End PBXBuildFile section */

/* Begin PBXCopyFilesBuildPhase section */
		6563122E1FA111230086BE17 /* CopyFiles */ = {
			isa = PBXCopyFilesBuildPhase;
			buildActionMask = 2147483647;
			dstPath = /usr/share/man/man1/;
			dstSubfolderSpec = 0;
			files = (
			);
			runOnlyForDeploymentPostprocessing = 1;
		};
/* End PBXCopyFilesBuildPhase section */

/* Begin PBXFileReference section */
		656312301FA111230086BE17 /* Link List C++ */ = {isa = PBXFileReference; explicitFileType = "compiled.mach-o.executable"; includeInIndex = 0; path = "Link List C++"; sourceTree = BUILT_PRODUCTS_DIR; };
		656312331FA111240086BE17 /* main.cpp */ = {isa = PBXFileReference; lastKnownFileType = sourcecode.cpp.cpp; path = main.cpp; sourceTree = "<group>"; };
		6563123A1FA111570086BE17 /* StackLL.cpp */ = {isa = PBXFileReference; fileEncoding = 4; lastKnownFileType = sourcecode.cpp.cpp; path = StackLL.cpp; sourceTree = "<group>"; };
		6563123B1FA111570086BE17 /* StackL.h */ = {isa = PBXFileReference; fileEncoding = 4; lastKnownFileType = sourcecode.c.h; path = StackL.h; sourceTree = "<group>"; };
		6563123C1FA111580086BE17 /* List.h */ = {isa = PBXFileReference; fileEncoding = 4; lastKnownFileType = sourcecode.c.h; path = List.h; sourceTree = "<group>"; };
		6563123D1FA111580086BE17 /* List.cpp */ = {isa = PBXFileReference; fileEncoding = 4; lastKnownFileType = sourcecode.cpp.cpp; path = List.cpp; sourceTree = "<group>"; };
		6563123E1FA111590086BE17 /* README.md */ = {isa = PBXFileReference; fileEncoding = 4; lastKnownFileType = net.daringfireball.markdown; path = README.md; sourceTree = "<group>"; };
		6563123F1FA111590086BE17 /* StackL.cpp */ = {isa = PBXFileReference; fileEncoding = 4; lastKnownFileType = sourcecode.cpp.cpp; path = StackL.cpp; sourceTree = "<group>"; };
		656312401FA111590086BE17 /* StackV.cpp */ = {isa = PBXFileReference; fileEncoding = 4; lastKnownFileType = sourcecode.cpp.cpp; path = StackV.cpp; sourceTree = "<group>"; };
		656312411FA1115A0086BE17 /* StackV.h */ = {isa = PBXFileReference; fileEncoding = 4; lastKnownFileType = sourcecode.c.h; path = StackV.h; sourceTree = "<group>"; };
		656312421FA1115B0086BE17 /* StackLL.h */ = {isa = PBXFileReference; fileEncoding = 4; lastKnownFileType = sourcecode.c.h; path = StackLL.h; sourceTree = "<group>"; };
		656312431FA1115B0086BE17 /* StackVclient.cpp */ = {isa = PBXFileReference; fileEncoding = 4; lastKnownFileType = sourcecode.cpp.cpp; path = StackVclient.cpp; sourceTree = "<group>"; };
		656312441FA1115B0086BE17 /* StackLclient.cpp */ = {isa = PBXFileReference; fileEncoding = 4; lastKnownFileType = sourcecode.cpp.cpp; path = StackLclient.cpp; sourceTree = "<group>"; };
		656312451FA1115C0086BE17 /* StackLLclient.cpp */ = {isa = PBXFileReference; fileEncoding = 4; lastKnownFileType = sourcecode.cpp.cpp; path = StackLLclient.cpp; sourceTree = "<group>"; };
		656312461FA1115C0086BE17 /* ListClient.cpp */ = {isa = PBXFileReference; fileEncoding = 4; lastKnownFileType = sourcecode.cpp.cpp; path = ListClient.cpp; sourceTree = "<group>"; };
/* End PBXFileReference section */

/* Begin PBXFrameworksBuildPhase section */
		6563122D1FA111230086BE17 /* Frameworks */ = {
			isa = PBXFrameworksBuildPhase;
			buildActionMask = 2147483647;
			files = (
			);
			runOnlyForDeploymentPostprocessing = 0;
		};
/* End PBXFrameworksBuildPhase section */

/* Begin PBXGroup section */
		656312271FA1111E0086BE17 = {
			isa = PBXGroup;
			children = (
				656312321FA111230086BE17 /* Link List C++ */,
				656312311FA111230086BE17 /* Products */,
			);
			sourceTree = "<group>";
		};
		656312311FA111230086BE17 /* Products */ = {
			isa = PBXGroup;
			children = (
				656312301FA111230086BE17 /* Link List C++ */,
			);
			name = Products;
			sourceTree = "<group>";
		};
		656312321FA111230086BE17 /* Link List C++ */ = {
			isa = PBXGroup;
			children = (
				656312331FA111240086BE17 /* main.cpp */,
				6563123D1FA111580086BE17 /* List.cpp */,
				6563123C1FA111580086BE17 /* List.h */,
				656312461FA1115C0086BE17 /* ListClient.cpp */,
				6563123E1FA111590086BE17 /* README.md */,
				6563123F1FA111590086BE17 /* StackL.cpp */,
				6563123B1FA111570086BE17 /* StackL.h */,
				656312441FA1115B0086BE17 /* StackLclient.cpp */,
				6563123A1FA111570086BE17 /* StackLL.cpp */,
				656312421FA1115B0086BE17 /* StackLL.h */,
				656312451FA1115C0086BE17 /* StackLLclient.cpp */,
				656312401FA111590086BE17 /* StackV.cpp */,
				656312411FA1115A0086BE17 /* StackV.h */,
				656312431FA1115B0086BE17 /* StackVclient.cpp */,
			);
			path = "Link List C++";
			sourceTree = "<group>";
		};
/* End PBXGroup section */

/* Begin PBXNativeTarget section */
		6563122F1FA111230086BE17 /* Link List C++ */ = {
			isa = PBXNativeTarget;
			buildConfigurationList = 656312371FA111250086BE17 /* Build configuration list for PBXNativeTarget "Link List C++" */;
			buildPhases = (
				6563122C1FA111230086BE17 /* Sources */,
				6563122D1FA111230086BE17 /* Frameworks */,
				6563122E1FA111230086BE17 /* CopyFiles */,
			);
			buildRules = (
			);
			dependencies = (
			);
			name = "Link List C++";
			productName = "Link List C++";
			productReference = 656312301FA111230086BE17 /* Link List C++ */;
			productType = "com.apple.product-type.tool";
		};
/* End PBXNativeTarget section */

/* Begin PBXProject section */
		656312281FA1111E0086BE17 /* Project object */ = {
			isa = PBXProject;
			attributes = {
				LastUpgradeCheck = 0900;
				ORGANIZATIONNAME = "Tap. TOUCH";
				TargetAttributes = {
					6563122F1FA111230086BE17 = {
						CreatedOnToolsVersion = 9.0.1;
						ProvisioningStyle = Automatic;
					};
				};
			};
			buildConfigurationList = 6563122B1FA1111E0086BE17 /* Build configuration list for PBXProject "Link List C++" */;
			compatibilityVersion = "Xcode 8.0";
			developmentRegion = en;
			hasScannedForEncodings = 0;
			knownRegions = (
				en,
			);
			mainGroup = 656312271FA1111E0086BE17;
			productRefGroup = 656312311FA111230086BE17 /* Products */;
			projectDirPath = "";
			projectRoot = "";
			targets = (
				6563122F1FA111230086BE17 /* Link List C++ */,
			);
		};
/* End PBXProject section */

/* Begin PBXSourcesBuildPhase section */
		6563122C1FA111230086BE17 /* Sources */ = {
			isa = PBXSourcesBuildPhase;
			buildActionMask = 2147483647;
			files = (
				656312481FA1115C0086BE17 /* List.cpp in Sources */,
				656312521FA121AD0086BE17 /* StackLclient.cpp in Sources */,
				656312501FA11CB10086BE17 /* StackL.cpp in Sources */,
			);
			runOnlyForDeploymentPostprocessing = 0;
		};
/* End PBXSourcesBuildPhase section */

/* Begin XCBuildConfiguration section */
		656312351FA111250086BE17 /* Debug */ = {
			isa = XCBuildConfiguration;
			buildSettings = {
				ALWAYS_SEARCH_USER_PATHS = NO;
				CLANG_ANALYZER_NONNULL = YES;
				CLANG_ANALYZER_NUMBER_OBJECT_CONVERSION = YES_AGGRESSIVE;
				CLANG_CXX_LANGUAGE_STANDARD = "gnu++14";
				CLANG_CXX_LIBRARY = "libc++";
				CLANG_ENABLE_MODULES = YES;
				CLANG_ENABLE_OBJC_ARC = YES;
				CLANG_WARN_BLOCK_CAPTURE_AUTORELEASING = YES;
				CLANG_WARN_BOOL_CONVERSION = YES;
				CLANG_WARN_COMMA = YES;
				CLANG_WARN_CONSTANT_CONVERSION = YES;
				CLANG_WARN_DIRECT_OBJC_ISA_USAGE = YES_ERROR;
				CLANG_WARN_DOCUMENTATION_COMMENTS = YES;
				CLANG_WARN_EMPTY_BODY = YES;
				CLANG_WARN_ENUM_CONVERSION = YES;
				CLANG_WARN_INFINITE_RECURSION = YES;
				CLANG_WARN_INT_CONVERSION = YES;
				CLANG_WARN_NON_LITERAL_NULL_CONVERSION = YES;
				CLANG_WARN_OBJC_LITERAL_CONVERSION = YES;
				CLANG_WARN_OBJC_ROOT_CLASS = YES_ERROR;
				CLANG_WARN_RANGE_LOOP_ANALYSIS = YES;
				CLANG_WARN_STRICT_PROTOTYPES = YES;
				CLANG_WARN_SUSPICIOUS_MOVE = YES;
				CLANG_WARN_UNGUARDED_AVAILABILITY = YES_AGGRESSIVE;
				CLANG_WARN_UNREACHABLE_CODE = YES;
				CLANG_WARN__DUPLICATE_METHOD_MATCH = YES;
				CODE_SIGN_IDENTITY = "Mac Developer";
				COPY_PHASE_STRIP = NO;
				DEBUG_INFORMATION_FORMAT = dwarf;
				ENABLE_STRICT_OBJC_MSGSEND = YES;
				ENABLE_TESTABILITY = YES;
				GCC_C_LANGUAGE_STANDARD = gnu11;
				GCC_DYNAMIC_NO_PIC = NO;
				GCC_NO_COMMON_BLOCKS = YES;
				GCC_OPTIMIZATION_LEVEL = 0;
				GCC_PREPROCESSOR_DEFINITIONS = (
					"DEBUG=1",
					"$(inherited)",
				);
				GCC_WARN_64_TO_32_BIT_CONVERSION = YES;
				GCC_WARN_ABOUT_RETURN_TYPE = YES_ERROR;
				GCC_WARN_UNDECLARED_SELECTOR = YES;
				GCC_WARN_UNINITIALIZED_AUTOS = YES_AGGRESSIVE;
				GCC_WARN_UNUSED_FUNCTION = YES;
				GCC_WARN_UNUSED_VARIABLE = YES;
				MACOSX_DEPLOYMENT_TARGET = 10.12;
				MTL_ENABLE_DEBUG_INFO = YES;
				ONLY_ACTIVE_ARCH = YES;
				SDKROOT = macosx;
			};
			name = Debug;
		};
		656312361FA111250086BE17 /* Release */ = {
			isa = XCBuildConfiguration;
			buildSettings = {
				ALWAYS_SEARCH_USER_PATHS = NO;
				CLANG_ANALYZER_NONNULL = YES;
				CLANG_ANALYZER_NUMBER_OBJECT_CONVERSION = YES_AGGRESSIVE;
				CLANG_CXX_LANGUAGE_STANDARD = "gnu++14";
				CLANG_CXX_LIBRARY = "libc++";
				CLANG_ENABLE_MODULES = YES;
				CLANG_ENABLE_OBJC_ARC = YES;
				CLANG_WARN_BLOCK_CAPTURE_AUTORELEASING = YES;
				CLANG_WARN_BOOL_CONVERSION = YES;
				CLANG_WARN_COMMA = YES;
				CLANG_WARN_CONSTANT_CONVERSION = YES;
				CLANG_WARN_DIRECT_OBJC_ISA_USAGE = YES_ERROR;
				CLANG_WARN_DOCUMENTATION_COMMENTS = YES;
				CLANG_WARN_EMPTY_BODY = YES;
				CLANG_WARN_ENUM_CONVERSION = YES;
				CLANG_WARN_INFINITE_RECURSION = YES;
				CLANG_WARN_INT_CONVERSION = YES;
				CLANG_WARN_NON_LITERAL_NULL_CONVERSION = YES;
				CLANG_WARN_OBJC_LITERAL_CONVERSION = YES;
				CLANG_WARN_OBJC_ROOT_CLASS = YES_ERROR;
				CLANG_WARN_RANGE_LOOP_ANALYSIS = YES;
				CLANG_WARN_STRICT_PROTOTYPES = YES;
				CLANG_WARN_SUSPICIOUS_MOVE = YES;
				CLANG_WARN_UNGUARDED_AVAILABILITY = YES_AGGRESSIVE;
				CLANG_WARN_UNREACHABLE_CODE = YES;
				CLANG_WARN__DUPLICATE_METHOD_MATCH = YES;
				CODE_SIGN_IDENTITY = "Mac Developer";
				COPY_PHASE_STRIP = NO;
				DEBUG_INFORMATION_FORMAT = "dwarf-with-dsym";
				ENABLE_NS_ASSERTIONS = NO;
				ENABLE_STRICT_OBJC_MSGSEND = YES;
				GCC_C_LANGUAGE_STANDARD = gnu11;
				GCC_NO_COMMON_BLOCKS = YES;
				GCC_WARN_64_TO_32_BIT_CONVERSION = YES;
				GCC_WARN_ABOUT_RETURN_TYPE = YES_ERROR;
				GCC_WARN_UNDECLARED_SELECTOR = YES;
				GCC_WARN_UNINITIALIZED_AUTOS = YES_AGGRESSIVE;
				GCC_WARN_UNUSED_FUNCTION = YES;
				GCC_WARN_UNUSED_VARIABLE = YES;
				MACOSX_DEPLOYMENT_TARGET = 10.12;
				MTL_ENABLE_DEBUG_INFO = NO;
				SDKROOT = macosx;
			};
			name = Release;
		};
		656312381FA111250086BE17 /* Debug */ = {
			isa = XCBuildConfiguration;
			buildSettings = {
				CODE_SIGN_STYLE = Automatic;
				DEVELOPMENT_TEAM = DZB2694ST7;
				PRODUCT_NAME = "$(TARGET_NAME)";
			};
			name = Debug;
		};
		656312391FA111250086BE17 /* Release */ = {
			isa = XCBuildConfiguration;
			buildSettings = {
				CODE_SIGN_STYLE = Automatic;
				DEVELOPMENT_TEAM = DZB2694ST7;
				PRODUCT_NAME = "$(TARGET_NAME)";
			};
			name = Release;
		};
/* End XCBuildConfiguration section */

/* Begin XCConfigurationList section */
		6563122B1FA1111E0086BE17 /* Build configuration list for PBXProject "Link List C++" */ = {
			isa = XCConfigurationList;
			buildConfigurations = (
				656312351FA111250086BE17 /* Debug */,
				656312361FA111250086BE17 /* Release */,
			);
			defaultConfigurationIsVisible = 0;
			defaultConfigurationName = Release;
		};
		656312371FA111250086BE17 /* Build configuration list for PBXNativeTarget "Link List C++" */ = {
			isa = XCConfigurationList;
			buildConfigurations = (
				656312381FA111250086BE17 /* Debug */,
				656312391FA111250086BE17 /* Release */,
			);
			defaultConfigurationIsVisible = 0;
			defaultConfigurationName = Release;
		};
/* End XCConfigurationList section */
	};
	rootObject = 656312281FA1111E0086BE17 /* Project object */;
}
